{
  "name": "@fire-shield/benchmarks",
  "version": "2.2.0",
  "lockfileVersion": 3,
  "requires": true,
  "packages": {
    "": {
      "name": "@fire-shield/benchmarks",
      "version": "2.2.0",
      "dependencies": {
        "@fire-shield/core": "file:../packages/core",
        "benchmark": "^2.1.4",
        "chalk": "^5.3.0"
      },
      "devDependencies": {
        "@types/benchmark": "^2.1.5"
      }
    },
    "../packages/core": {
      "name": "@fire-shield/core",
      "version": "2.2.0",
      "license": "DIB",
      "devDependencies": {
        "@types/node": "^20.0.0",
        "eslint": "^8.0.0",
        "tsup": "^8.0.0",
        "typescript": "^5.0.0",
        "vitest": "^4.0.0"
      },
      "engines": {
        "node": ">=18.0.0"
      }
    },
    "node_modules/@fire-shield/core": {
      "resolved": "../packages/core",
      "link": true
    },
    "node_modules/@types/benchmark": {
      "version": "2.1.5",
      "resolved": "https://registry.npmjs.org/@types/benchmark/-/benchmark-2.1.5.tgz",
      "integrity": "sha512-cKio2eFB3v7qmKcvIHLUMw/dIx/8bhWPuzpzRT4unCPRTD8VdA9Zb0afxpcxOqR4PixRS7yT42FqGS8BYL8g1w==",
      "dev": true,
      "license": "MIT"
    },
    "node_modules/benchmark": {
      "version": "2.1.4",
      "resolved": "https://registry.npmjs.org/benchmark/-/benchmark-2.1.4.tgz",
      "integrity": "sha512-l9MlfN4M1K/H2fbhfMy3B7vJd6AGKJVQn2h6Sg/Yx+KckoUA7ewS5Vv6TjSq18ooE1kS9hhAlQRH3AkXIh/aOQ==",
      "license": "MIT",
      "dependencies": {
        "lodash": "^4.17.4",
        "platform": "^1.3.3"
      }
    },
    "node_modules/chalk": {
      "version": "5.6.2",
      "license": "MIT",
      "engines": {
        "node": "^12.17.0 || ^14.13 || >=16.0.0"
      },
      "funding": {
        "url": "https://github.com/chalk/chalk?sponsor=1"
      }
    },
    "node_modules/lodash": {
      "version": "4.17.21",
      "resolved": "https://registry.npmjs.org/lodash/-/lodash-4.17.21.tgz",
      "integrity": "sha512-v2kDEe57lecTulaDIuNTPy3Ry4gLGJ6Z1O3vE1krgXZNrsQ+LFTGHVxVjcXPs17LhbZVGedAJv8XZ1tvj5FvSg==",
      "license": "MIT"
    },
    "node_modules/platform": {
      "version": "1.3.6",
      "resolved": "https://registry.npmjs.org/platform/-/platform-1.3.6.tgz",
      "integrity": "sha512-fnWVljUchTro6RiCFvCXBbNhJc2NijN7oIQxbwsyL0buWJPG85v81ehlHI9fXrJsMNgTofEoWIQeClKpgxFLrg==",
      "license": "MIT"
    }
  }
}
